
Microsoft Visual Studio Solution File, Format Version 12.00
# Visual Studio Version 16
VisualStudioVersion = 16.0.31702.278
MinimumVisualStudioVersion = 10.0.40219.1
Project("{9A19103F-16F7-4668-BE54-9A1E7A4F7556}") = "CampIntro", "CampIntro\CampIntro.csproj", "{21D7FE35-8A48-49D1-860B-247E41B415A5}"
EndProject
Project("{9A19103F-16F7-4668-BE54-9A1E7A4F7556}") = "Loops", "Loops\Loops.csproj", "{DC1A2B87-AADA-4480-8AB7-65CC6B5E6647}"
EndProject
Project("{9A19103F-16F7-4668-BE54-9A1E7A4F7556}") = "ClassIntro", "ClassIntro\ClassIntro.csproj", "{3A649074-BF0D-4553-BFB2-0286B006BEE9}"
EndProject
Project("{9A19103F-16F7-4668-BE54-9A1E7A4F7556}") = "Ders2Odev6", "Ders2Odev6\Ders2Odev6.csproj", "{03C1F1BC-5690-4D50-8AAA-708C60A83280}"
EndProject
Project("{9A19103F-16F7-4668-BE54-9A1E7A4F7556}") = "Methods", "Methods\Methods.csproj", "{C6E844CD-D581-4491-A128-BBD2C0F3A443}"
EndProject
Project("{9A19103F-16F7-4668-BE54-9A1E7A4F7556}") = "Math", "Math\Math.csproj", "{D73AE362-2CA9-46B9-A226-50FB43C5211B}"
EndProject
Project("{9A19103F-16F7-4668-BE54-9A1E7A4F7556}") = "ValueAndReferenceTypes", "ValueAndReferenceTypes\ValueAndReferenceTypes.csproj", "{4722B09D-25C9-4825-917B-4E60509E5E59}"
EndProject
Project("{9A19103F-16F7-4668-BE54-9A1E7A4F7556}") = "Ders3Odev2", "Ders3Odev2\Ders3Odev2.csproj", "{6E6D7A3B-6244-4789-85AE-A2A3EE4B3EBB}"
EndProject
Project("{FAE04EC0-301F-11D3-BF4B-00C04F79EFBC}") = "Ders3Odev3ClassMetotDemo", "Ders3Odev3ClassMetotDemo\Ders3Odev3ClassMetotDemo.csproj", "{37B8BF7D-ECD6-45C4-A593-A963ABE2327F}"
EndProject
Project("{FAE04EC0-301F-11D3-BF4B-00C04F79EFBC}") = "OOP1", "OOP1\OOP1.csproj", "{2000EA3F-8D74-4F53-B762-03B2A5C5F429}"
EndProject
Project("{FAE04EC0-301F-11D3-BF4B-00C04F79EFBC}") = "Collections", "Collections\Collections.csproj", "{11EABBB8-8D1E-468E-97D2-92901C906207}"
EndProject
Project("{FAE04EC0-301F-11D3-BF4B-00C04F79EFBC}") = "GenericsIntro", "GenericsIntro\GenericsIntro.csproj", "{5B70BC0F-04A8-465D-AD9C-82075A61DA2D}"
EndProject
Global
	GlobalSection(SolutionConfigurationPlatforms) = preSolution
		Debug|Any CPU = Debug|Any CPU
		Release|Any CPU = Release|Any CPU
	EndGlobalSection
	GlobalSection(ProjectConfigurationPlatforms) = postSolution
		{21D7FE35-8A48-49D1-860B-247E41B415A5}.Debug|Any CPU.ActiveCfg = Debug|Any CPU
		{21D7FE35-8A48-49D1-860B-247E41B415A5}.Debug|Any CPU.Build.0 = Debug|Any CPU
		{21D7FE35-8A48-49D1-860B-247E41B415A5}.Release|Any CPU.ActiveCfg = Release|Any CPU
		{21D7FE35-8A48-49D1-860B-247E41B415A5}.Release|Any CPU.Build.0 = Release|Any CPU
		{DC1A2B87-AADA-4480-8AB7-65CC6B5E6647}.Debug|Any CPU.ActiveCfg = Debug|Any CPU
		{DC1A2B87-AADA-4480-8AB7-65CC6B5E6647}.Debug|Any CPU.Build.0 = Debug|Any CPU
		{DC1A2B87-AADA-4480-8AB7-65CC6B5E6647}.Release|Any CPU.ActiveCfg = Release|Any CPU
		{DC1A2B87-AADA-4480-8AB7-65CC6B5E6647}.Release|Any CPU.Build.0 = Release|Any CPU
		{3A649074-BF0D-4553-BFB2-0286B006BEE9}.Debug|Any CPU.ActiveCfg = Debug|Any CPU
		{3A649074-BF0D-4553-BFB2-0286B006BEE9}.Debug|Any CPU.Build.0 = Debug|Any CPU
		{3A649074-BF0D-4553-BFB2-0286B006BEE9}.Release|Any CPU.ActiveCfg = Release|Any CPU
		{3A649074-BF0D-4553-BFB2-0286B006BEE9}.Release|Any CPU.Build.0 = Release|Any CPU
		{03C1F1BC-5690-4D50-8AAA-708C60A83280}.Debug|Any CPU.ActiveCfg = Debug|Any CPU
		{03C1F1BC-5690-4D50-8AAA-708C60A83280}.Debug|Any CPU.Build.0 = Debug|Any CPU
		{03C1F1BC-5690-4D50-8AAA-708C60A83280}.Release|Any CPU.ActiveCfg = Release|Any CPU
		{03C1F1BC-5690-4D50-8AAA-708C60A83280}.Release|Any CPU.Build.0 = Release|Any CPU
		{C6E844CD-D581-4491-A128-BBD2C0F3A443}.Debug|Any CPU.ActiveCfg = Debug|Any CPU
		{C6E844CD-D581-4491-A128-BBD2C0F3A443}.Debug|Any CPU.Build.0 = Debug|Any CPU
		{C6E844CD-D581-4491-A128-BBD2C0F3A443}.Release|Any CPU.ActiveCfg = Release|Any CPU
		{C6E844CD-D581-4491-A128-BBD2C0F3A443}.Release|Any CPU.Build.0 = Release|Any CPU
		{D73AE362-2CA9-46B9-A226-50FB43C5211B}.Debug|Any CPU.ActiveCfg = Debug|Any CPU
		{D73AE362-2CA9-46B9-A226-50FB43C5211B}.Debug|Any CPU.Build.0 = Debug|Any CPU
		{D73AE362-2CA9-46B9-A226-50FB43C5211B}.Release|Any CPU.ActiveCfg = Release|Any CPU
		{D73AE362-2CA9-46B9-A226-50FB43C5211B}.Release|Any CPU.Build.0 = Release|Any CPU
		{4722B09D-25C9-4825-917B-4E60509E5E59}.Debug|Any CPU.ActiveCfg = Debug|Any CPU
		{4722B09D-25C9-4825-917B-4E60509E5E59}.Debug|Any CPU.Build.0 = Debug|Any CPU
		{4722B09D-25C9-4825-917B-4E60509E5E59}.Release|Any CPU.ActiveCfg = Release|Any CPU
		{4722B09D-25C9-4825-917B-4E60509E5E59}.Release|Any CPU.Build.0 = Release|Any CPU
		{6E6D7A3B-6244-4789-85AE-A2A3EE4B3EBB}.Debug|Any CPU.ActiveCfg = Debug|Any CPU
		{6E6D7A3B-6244-4789-85AE-A2A3EE4B3EBB}.Debug|Any CPU.Build.0 = Debug|Any CPU
		{6E6D7A3B-6244-4789-85AE-A2A3EE4B3EBB}.Release|Any CPU.ActiveCfg = Release|Any CPU
		{6E6D7A3B-6244-4789-85AE-A2A3EE4B3EBB}.Release|Any CPU.Build.0 = Release|Any CPU
		{37B8BF7D-ECD6-45C4-A593-A963ABE2327F}.Debug|Any CPU.ActiveCfg = Debug|Any CPU
		{37B8BF7D-ECD6-45C4-A593-A963ABE2327F}.Debug|Any CPU.Build.0 = Debug|Any CPU
		{37B8BF7D-ECD6-45C4-A593-A963ABE2327F}.Release|Any CPU.ActiveCfg = Release|Any CPU
		{37B8BF7D-ECD6-45C4-A593-A963ABE2327F}.Release|Any CPU.Build.0 = Release|Any CPU
		{2000EA3F-8D74-4F53-B762-03B2A5C5F429}.Debug|Any CPU.ActiveCfg = Debug|Any CPU
		{2000EA3F-8D74-4F53-B762-03B2A5C5F429}.Debug|Any CPU.Build.0 = Debug|Any CPU
		{2000EA3F-8D74-4F53-B762-03B2A5C5F429}.Release|Any CPU.ActiveCfg = Release|Any CPU
		{2000EA3F-8D74-4F53-B762-03B2A5C5F429}.Release|Any CPU.Build.0 = Release|Any CPU
		{11EABBB8-8D1E-468E-97D2-92901C906207}.Debug|Any CPU.ActiveCfg = Debug|Any CPU
		{11EABBB8-8D1E-468E-97D2-92901C906207}.Debug|Any CPU.Build.0 = Debug|Any CPU
		{11EABBB8-8D1E-468E-97D2-92901C906207}.Release|Any CPU.ActiveCfg = Release|Any CPU
		{11EABBB8-8D1E-468E-97D2-92901C906207}.Release|Any CPU.Build.0 = Release|Any CPU
		{5B70BC0F-04A8-465D-AD9C-82075A61DA2D}.Debug|Any CPU.ActiveCfg = Debug|Any CPU
		{5B70BC0F-04A8-465D-AD9C-82075A61DA2D}.Debug|Any CPU.Build.0 = Debug|Any CPU
		{5B70BC0F-04A8-465D-AD9C-82075A61DA2D}.Release|Any CPU.ActiveCfg = Release|Any CPU
		{5B70BC0F-04A8-465D-AD9C-82075A61DA2D}.Release|Any CPU.Build.0 = Release|Any CPU
	EndGlobalSection
	GlobalSection(SolutionProperties) = preSolution
		HideSolutionNode = FALSE
	EndGlobalSection
	GlobalSection(ExtensibilityGlobals) = postSolution
		SolutionGuid = {B737E13D-4517-4B3D-A8A3-512229DC0682}
	EndGlobalSection
EndGlobal
